// !$*UTF8*$!
{
	archiveVersion = 1;
	classes = {
	};
	objectVersion = 51;
	objects = {

/* Begin PBXBuildFile section */
		B3DBCA851CEA040887775532 /* Pods_SimyaStagram.framework in Frameworks */ = {isa = PBXBuildFile; fileRef = 3C3977E05D14F0515BD20293 /* Pods_SimyaStagram.framework */; };
		CA277C6625CB040B002C6F11 /* DatabaseManager.swift in Sources */ = {isa = PBXBuildFile; fileRef = CA277C6525CB040B002C6F11 /* DatabaseManager.swift */; };
		CA277C6925CB0577002C6F11 /* AuthManager.swift in Sources */ = {isa = PBXBuildFile; fileRef = CA277C6825CB0577002C6F11 /* AuthManager.swift */; };
		CA277C6C25CB05EC002C6F11 /* StorageManager.swift in Sources */ = {isa = PBXBuildFile; fileRef = CA277C6B25CB05EC002C6F11 /* StorageManager.swift */; };
		CAB08B2A25CBCE6300263AF2 /* Extensions.swift in Sources */ = {isa = PBXBuildFile; fileRef = CAB08B2925CBCE6300263AF2 /* Extensions.swift */; };
		CAC21A4625CAAE4D003A9E7A /* GoogleService-Info.plist in Resources */ = {isa = PBXBuildFile; fileRef = CAC21A4525CAAE4D003A9E7A /* GoogleService-Info.plist */; };
		CAC4F87F25C9F5C200358B51 /* AppDelegate.swift in Sources */ = {isa = PBXBuildFile; fileRef = CAC4F87E25C9F5C200358B51 /* AppDelegate.swift */; };
		CAC4F88125C9F5C200358B51 /* SceneDelegate.swift in Sources */ = {isa = PBXBuildFile; fileRef = CAC4F88025C9F5C200358B51 /* SceneDelegate.swift */; };
		CAC4F88325C9F5C200358B51 /* HomeViewController.swift in Sources */ = {isa = PBXBuildFile; fileRef = CAC4F88225C9F5C200358B51 /* HomeViewController.swift */; };
		CAC4F88625C9F5C200358B51 /* Main.storyboard in Resources */ = {isa = PBXBuildFile; fileRef = CAC4F88425C9F5C200358B51 /* Main.storyboard */; };
		CAC4F88825C9F5C300358B51 /* Assets.xcassets in Resources */ = {isa = PBXBuildFile; fileRef = CAC4F88725C9F5C300358B51 /* Assets.xcassets */; };
		CAC4F88B25C9F5C300358B51 /* LaunchScreen.storyboard in Resources */ = {isa = PBXBuildFile; fileRef = CAC4F88925C9F5C300358B51 /* LaunchScreen.storyboard */; };
		CAC4F89A25C9FED100358B51 /* ExploreViewController.swift in Sources */ = {isa = PBXBuildFile; fileRef = CAC4F89925C9FED100358B51 /* ExploreViewController.swift */; };
		CAC4F89D25C9FEED00358B51 /* CameraViewController.swift in Sources */ = {isa = PBXBuildFile; fileRef = CAC4F89C25C9FEED00358B51 /* CameraViewController.swift */; };
		CAC4F8A025C9FEFC00358B51 /* NotificationViewController.swift in Sources */ = {isa = PBXBuildFile; fileRef = CAC4F89F25C9FEFC00358B51 /* NotificationViewController.swift */; };
		CAC4F8A325C9FF0700358B51 /* ProfileViewController.swift in Sources */ = {isa = PBXBuildFile; fileRef = CAC4F8A225C9FF0700358B51 /* ProfileViewController.swift */; };
		CAC4F8AA25CA07E700358B51 /* RegisterViewController.swift in Sources */ = {isa = PBXBuildFile; fileRef = CAC4F8A925CA07E700358B51 /* RegisterViewController.swift */; };
		CAC4F8AD25CA07F100358B51 /* LoginViewController.swift in Sources */ = {isa = PBXBuildFile; fileRef = CAC4F8AC25CA07F100358B51 /* LoginViewController.swift */; };
		CAC4F8B025CA083200358B51 /* PostViewController.swift in Sources */ = {isa = PBXBuildFile; fileRef = CAC4F8AF25CA083200358B51 /* PostViewController.swift */; };
		CAC4F8B325CA085700358B51 /* EditProfileViewController.swift in Sources */ = {isa = PBXBuildFile; fileRef = CAC4F8B225CA085700358B51 /* EditProfileViewController.swift */; };
		CAC4F8B625CA0A1700358B51 /* SettingsViewController.swift in Sources */ = {isa = PBXBuildFile; fileRef = CAC4F8B525CA0A1700358B51 /* SettingsViewController.swift */; };
		CAC4F8B925CA0AAE00358B51 /* ListViewController.swift in Sources */ = {isa = PBXBuildFile; fileRef = CAC4F8B825CA0AAE00358B51 /* ListViewController.swift */; };
		CAC4F8BC25CA0AD600358B51 /* SearchViewController.swift in Sources */ = {isa = PBXBuildFile; fileRef = CAC4F8BB25CA0AD600358B51 /* SearchViewController.swift */; };
		CAC4F8BF25CA0AE100358B51 /* SeachResultViewController.swift in Sources */ = {isa = PBXBuildFile; fileRef = CAC4F8BE25CA0AE100358B51 /* SeachResultViewController.swift */; };
		CAC4F8C225CA0B2B00358B51 /* PostEditorViewController.swift in Sources */ = {isa = PBXBuildFile; fileRef = CAC4F8C125CA0B2B00358B51 /* PostEditorViewController.swift */; };
		CAC4F8C525CA0B7400358B51 /* PostPublishViewController.swift in Sources */ = {isa = PBXBuildFile; fileRef = CAC4F8C425CA0B7400358B51 /* PostPublishViewController.swift */; };
/* End PBXBuildFile section */

/* Begin PBXFileReference section */
		3C3977E05D14F0515BD20293 /* Pods_SimyaStagram.framework */ = {isa = PBXFileReference; explicitFileType = wrapper.framework; includeInIndex = 0; path = Pods_SimyaStagram.framework; sourceTree = BUILT_PRODUCTS_DIR; };
		94BA068A6BFB5213896DA40B /* Pods-SimyaStagram.debug.xcconfig */ = {isa = PBXFileReference; includeInIndex = 1; lastKnownFileType = text.xcconfig; name = "Pods-SimyaStagram.debug.xcconfig"; path = "Target Support Files/Pods-SimyaStagram/Pods-SimyaStagram.debug.xcconfig"; sourceTree = "<group>"; };
		99844BF7BF5EE7861DC7C084 /* Pods-SimyaStagram.release.xcconfig */ = {isa = PBXFileReference; includeInIndex = 1; lastKnownFileType = text.xcconfig; name = "Pods-SimyaStagram.release.xcconfig"; path = "Target Support Files/Pods-SimyaStagram/Pods-SimyaStagram.release.xcconfig"; sourceTree = "<group>"; };
		CA277C6525CB040B002C6F11 /* DatabaseManager.swift */ = {isa = PBXFileReference; lastKnownFileType = sourcecode.swift; path = DatabaseManager.swift; sourceTree = "<group>"; };
		CA277C6825CB0577002C6F11 /* AuthManager.swift */ = {isa = PBXFileReference; lastKnownFileType = sourcecode.swift; path = AuthManager.swift; sourceTree = "<group>"; };
		CA277C6B25CB05EC002C6F11 /* StorageManager.swift */ = {isa = PBXFileReference; lastKnownFileType = sourcecode.swift; path = StorageManager.swift; sourceTree = "<group>"; };
		CAB08B2925CBCE6300263AF2 /* Extensions.swift */ = {isa = PBXFileReference; lastKnownFileType = sourcecode.swift; path = Extensions.swift; sourceTree = "<group>"; };
		CAC21A4525CAAE4D003A9E7A /* GoogleService-Info.plist */ = {isa = PBXFileReference; fileEncoding = 4; lastKnownFileType = text.plist.xml; path = "GoogleService-Info.plist"; sourceTree = "<group>"; };
		CAC4F87B25C9F5C200358B51 /* SimyaStagram.app */ = {isa = PBXFileReference; explicitFileType = wrapper.application; includeInIndex = 0; path = SimyaStagram.app; sourceTree = BUILT_PRODUCTS_DIR; };
		CAC4F87E25C9F5C200358B51 /* AppDelegate.swift */ = {isa = PBXFileReference; lastKnownFileType = sourcecode.swift; path = AppDelegate.swift; sourceTree = "<group>"; };
		CAC4F88025C9F5C200358B51 /* SceneDelegate.swift */ = {isa = PBXFileReference; lastKnownFileType = sourcecode.swift; path = SceneDelegate.swift; sourceTree = "<group>"; };
		CAC4F88225C9F5C200358B51 /* HomeViewController.swift */ = {isa = PBXFileReference; lastKnownFileType = sourcecode.swift; path = HomeViewController.swift; sourceTree = "<group>"; };
		CAC4F88525C9F5C200358B51 /* Base */ = {isa = PBXFileReference; lastKnownFileType = file.storyboard; name = Base; path = Base.lproj/Main.storyboard; sourceTree = "<group>"; };
		CAC4F88725C9F5C300358B51 /* Assets.xcassets */ = {isa = PBXFileReference; lastKnownFileType = folder.assetcatalog; path = Assets.xcassets; sourceTree = "<group>"; };
		CAC4F88A25C9F5C300358B51 /* Base */ = {isa = PBXFileReference; lastKnownFileType = file.storyboard; name = Base; path = Base.lproj/LaunchScreen.storyboard; sourceTree = "<group>"; };
		CAC4F88C25C9F5C300358B51 /* Info.plist */ = {isa = PBXFileReference; lastKnownFileType = text.plist.xml; path = Info.plist; sourceTree = "<group>"; };
		CAC4F89925C9FED100358B51 /* ExploreViewController.swift */ = {isa = PBXFileReference; lastKnownFileType = sourcecode.swift; path = ExploreViewController.swift; sourceTree = "<group>"; };
		CAC4F89C25C9FEED00358B51 /* CameraViewController.swift */ = {isa = PBXFileReference; lastKnownFileType = sourcecode.swift; path = CameraViewController.swift; sourceTree = "<group>"; };
		CAC4F89F25C9FEFC00358B51 /* NotificationViewController.swift */ = {isa = PBXFileReference; lastKnownFileType = sourcecode.swift; path = NotificationViewController.swift; sourceTree = "<group>"; };
		CAC4F8A225C9FF0700358B51 /* ProfileViewController.swift */ = {isa = PBXFileReference; lastKnownFileType = sourcecode.swift; path = ProfileViewController.swift; sourceTree = "<group>"; };
		CAC4F8A925CA07E700358B51 /* RegisterViewController.swift */ = {isa = PBXFileReference; lastKnownFileType = sourcecode.swift; path = RegisterViewController.swift; sourceTree = "<group>"; };
		CAC4F8AC25CA07F100358B51 /* LoginViewController.swift */ = {isa = PBXFileReference; lastKnownFileType = sourcecode.swift; path = LoginViewController.swift; sourceTree = "<group>"; };
		CAC4F8AF25CA083200358B51 /* PostViewController.swift */ = {isa = PBXFileReference; lastKnownFileType = sourcecode.swift; path = PostViewController.swift; sourceTree = "<group>"; };
		CAC4F8B225CA085700358B51 /* EditProfileViewController.swift */ = {isa = PBXFileReference; lastKnownFileType = sourcecode.swift; path = EditProfileViewController.swift; sourceTree = "<group>"; };
		CAC4F8B525CA0A1700358B51 /* SettingsViewController.swift */ = {isa = PBXFileReference; lastKnownFileType = sourcecode.swift; path = SettingsViewController.swift; sourceTree = "<group>"; };
		CAC4F8B825CA0AAE00358B51 /* ListViewController.swift */ = {isa = PBXFileReference; lastKnownFileType = sourcecode.swift; path = ListViewController.swift; sourceTree = "<group>"; };
		CAC4F8BB25CA0AD600358B51 /* SearchViewController.swift */ = {isa = PBXFileReference; lastKnownFileType = sourcecode.swift; path = SearchViewController.swift; sourceTree = "<group>"; };
		CAC4F8BE25CA0AE100358B51 /* SeachResultViewController.swift */ = {isa = PBXFileReference; lastKnownFileType = sourcecode.swift; path = SeachResultViewController.swift; sourceTree = "<group>"; };
		CAC4F8C125CA0B2B00358B51 /* PostEditorViewController.swift */ = {isa = PBXFileReference; lastKnownFileType = sourcecode.swift; path = PostEditorViewController.swift; sourceTree = "<group>"; };
		CAC4F8C425CA0B7400358B51 /* PostPublishViewController.swift */ = {isa = PBXFileReference; lastKnownFileType = sourcecode.swift; path = PostPublishViewController.swift; sourceTree = "<group>"; };
/* End PBXFileReference section */

/* Begin PBXFrameworksBuildPhase section */
		CAC4F87825C9F5C200358B51 /* Frameworks */ = {
			isa = PBXFrameworksBuildPhase;
			buildActionMask = 2147483647;
			files = (
				B3DBCA851CEA040887775532 /* Pods_SimyaStagram.framework in Frameworks */,
			);
			runOnlyForDeploymentPostprocessing = 0;
		};
/* End PBXFrameworksBuildPhase section */

/* Begin PBXGroup section */
		0C50A3982B3F9E783C1680E5 /* Pods */ = {
			isa = PBXGroup;
			children = (
				94BA068A6BFB5213896DA40B /* Pods-SimyaStagram.debug.xcconfig */,
				99844BF7BF5EE7861DC7C084 /* Pods-SimyaStagram.release.xcconfig */,
			);
			path = Pods;
			sourceTree = "<group>";
		};
		96BC9ED011375158391C78D1 /* Frameworks */ = {
			isa = PBXGroup;
			children = (
				3C3977E05D14F0515BD20293 /* Pods_SimyaStagram.framework */,
			);
			name = Frameworks;
			sourceTree = "<group>";
		};
		CAC21A4925CAC92D003A9E7A /* General */ = {
			isa = PBXGroup;
			children = (
				CAC4F8AF25CA083200358B51 /* PostViewController.swift */,
				CAC4F8B225CA085700358B51 /* EditProfileViewController.swift */,
				CAC4F8B525CA0A1700358B51 /* SettingsViewController.swift */,
				CAC4F8B825CA0AAE00358B51 /* ListViewController.swift */,
				CAC4F8BB25CA0AD600358B51 /* SearchViewController.swift */,
				CAC4F8BE25CA0AE100358B51 /* SeachResultViewController.swift */,
				CAC4F8C125CA0B2B00358B51 /* PostEditorViewController.swift */,
				CAC4F8C425CA0B7400358B51 /* PostPublishViewController.swift */,
			);
			path = General;
			sourceTree = "<group>";
		};
		CAC4F87225C9F5C200358B51 = {
			isa = PBXGroup;
			children = (
				CAC4F87D25C9F5C200358B51 /* SimyaStagram */,
				CAC4F87C25C9F5C200358B51 /* Products */,
				0C50A3982B3F9E783C1680E5 /* Pods */,
				96BC9ED011375158391C78D1 /* Frameworks */,
			);
			sourceTree = "<group>";
		};
		CAC4F87C25C9F5C200358B51 /* Products */ = {
			isa = PBXGroup;
			children = (
				CAC4F87B25C9F5C200358B51 /* SimyaStagram.app */,
			);
			name = Products;
			sourceTree = "<group>";
		};
		CAC4F87D25C9F5C200358B51 /* SimyaStagram */ = {
			isa = PBXGroup;
			children = (
				CAC4F89325C9FD4D00358B51 /* Resources */,
				CAC4F89425C9FD5300358B51 /* Models */,
				CAC4F89625C9FD5E00358B51 /* Controllers */,
				CAC4F89525C9FD5900358B51 /* Views */,
				CAC4F88C25C9F5C300358B51 /* Info.plist */,
			);
			path = SimyaStagram;
			sourceTree = "<group>";
		};
		CAC4F89325C9FD4D00358B51 /* Resources */ = {
			isa = PBXGroup;
			children = (
				CAC21A4525CAAE4D003A9E7A /* GoogleService-Info.plist */,
				CAC4F87E25C9F5C200358B51 /* AppDelegate.swift */,
				CAC4F88025C9F5C200358B51 /* SceneDelegate.swift */,
				CA277C6525CB040B002C6F11 /* DatabaseManager.swift */,
				CA277C6825CB0577002C6F11 /* AuthManager.swift */,
				CA277C6B25CB05EC002C6F11 /* StorageManager.swift */,
				CAB08B2925CBCE6300263AF2 /* Extensions.swift */,
			);
			path = Resources;
			sourceTree = "<group>";
		};
		CAC4F89425C9FD5300358B51 /* Models */ = {
			isa = PBXGroup;
			children = (
			);
			path = Models;
			sourceTree = "<group>";
		};
		CAC4F89525C9FD5900358B51 /* Views */ = {
			isa = PBXGroup;
			children = (
				CAC4F89725C9FDEA00358B51 /* Storyboards */,
				CAC4F88725C9F5C300358B51 /* Assets.xcassets */,
			);
			path = Views;
			sourceTree = "<group>";
		};
		CAC4F89625C9FD5E00358B51 /* Controllers */ = {
			isa = PBXGroup;
			children = (
				CAC4F8A725CA07D000358B51 /* Other */,
				CAC4F8A525CA073F00358B51 /* CoreTabs */,
			);
			path = Controllers;
			sourceTree = "<group>";
		};
		CAC4F89725C9FDEA00358B51 /* Storyboards */ = {
			isa = PBXGroup;
			children = (
				CAC4F88425C9F5C200358B51 /* Main.storyboard */,
				CAC4F88925C9F5C300358B51 /* LaunchScreen.storyboard */,
			);
			path = Storyboards;
			sourceTree = "<group>";
		};
		CAC4F8A525CA073F00358B51 /* CoreTabs */ = {
			isa = PBXGroup;
			children = (
				CAC4F88225C9F5C200358B51 /* HomeViewController.swift */,
				CAC4F89925C9FED100358B51 /* ExploreViewController.swift */,
				CAC4F89C25C9FEED00358B51 /* CameraViewController.swift */,
				CAC4F89F25C9FEFC00358B51 /* NotificationViewController.swift */,
				CAC4F8A225C9FF0700358B51 /* ProfileViewController.swift */,
			);
			path = CoreTabs;
			sourceTree = "<group>";
		};
		CAC4F8A725CA07D000358B51 /* Other */ = {
			isa = PBXGroup;
			children = (
				CAC4F8A825CA07D500358B51 /* Onboarding */,
				CAC21A4925CAC92D003A9E7A /* General */,
			);
			path = Other;
			sourceTree = "<group>";
		};
		CAC4F8A825CA07D500358B51 /* Onboarding */ = {
			isa = PBXGroup;
			children = (
				CAC4F8AC25CA07F100358B51 /* LoginViewController.swift */,
				CAC4F8A925CA07E700358B51 /* RegisterViewController.swift */,
			);
			path = Onboarding;
			sourceTree = "<group>";
		};
/* End PBXGroup section */

/* Begin PBXNativeTarget section */
		CAC4F87A25C9F5C200358B51 /* SimyaStagram */ = {
			isa = PBXNativeTarget;
			buildConfigurationList = CAC4F88F25C9F5C300358B51 /* Build configuration list for PBXNativeTarget "SimyaStagram" */;
			buildPhases = (
				BDB87D840BD3273D0E45B337 /* [CP] Check Pods Manifest.lock */,
				CAC4F87725C9F5C200358B51 /* Sources */,
				CAC4F87825C9F5C200358B51 /* Frameworks */,
				CAC4F87925C9F5C200358B51 /* Resources */,
				E145CBAFCFAFEC115B7155F3 /* [CP] Embed Pods Frameworks */,
			);
			buildRules = (
			);
			dependencies = (
			);
			name = SimyaStagram;
			productName = SimyaStagram;
			productReference = CAC4F87B25C9F5C200358B51 /* SimyaStagram.app */;
			productType = "com.apple.product-type.application";
		};
/* End PBXNativeTarget section */

/* Begin PBXProject section */
		CAC4F87325C9F5C200358B51 /* Project object */ = {
			isa = PBXProject;
			attributes = {
				LastSwiftUpdateCheck = 1240;
				LastUpgradeCheck = 1240;
				TargetAttributes = {
					CAC4F87A25C9F5C200358B51 = {
						CreatedOnToolsVersion = 12.4;
					};
				};
			};
			buildConfigurationList = CAC4F87625C9F5C200358B51 /* Build configuration list for PBXProject "SimyaStagram" */;
			compatibilityVersion = "Xcode 9.3";
			developmentRegion = en;
			hasScannedForEncodings = 0;
			knownRegions = (
				en,
				Base,
			);
			mainGroup = CAC4F87225C9F5C200358B51;
			productRefGroup = CAC4F87C25C9F5C200358B51 /* Products */;
			projectDirPath = "";
			projectRoot = "";
			targets = (
				CAC4F87A25C9F5C200358B51 /* SimyaStagram */,
			);
		};
/* End PBXProject section */

/* Begin PBXResourcesBuildPhase section */
		CAC4F87925C9F5C200358B51 /* Resources */ = {
			isa = PBXResourcesBuildPhase;
			buildActionMask = 2147483647;
			files = (
				CAC4F88B25C9F5C300358B51 /* LaunchScreen.storyboard in Resources */,
				CAC21A4625CAAE4D003A9E7A /* GoogleService-Info.plist in Resources */,
				CAC4F88825C9F5C300358B51 /* Assets.xcassets in Resources */,
				CAC4F88625C9F5C200358B51 /* Main.storyboard in Resources */,
			);
			runOnlyForDeploymentPostprocessing = 0;
		};
/* End PBXResourcesBuildPhase section */

/* Begin PBXShellScriptBuildPhase section */
		BDB87D840BD3273D0E45B337 /* [CP] Check Pods Manifest.lock */ = {
			isa = PBXShellScriptBuildPhase;
			buildActionMask = 2147483647;
			files = (
			);
			inputFileListPaths = (
			);
			inputPaths = (
				"${PODS_PODFILE_DIR_PATH}/Podfile.lock",
				"${PODS_ROOT}/Manifest.lock",
			);
			name = "[CP] Check Pods Manifest.lock";
			outputFileListPaths = (
			);
			outputPaths = (
				"$(DERIVED_FILE_DIR)/Pods-SimyaStagram-checkManifestLockResult.txt",
			);
			runOnlyForDeploymentPostprocessing = 0;
			shellPath = /bin/sh;
			shellScript = "diff \"${PODS_PODFILE_DIR_PATH}/Podfile.lock\" \"${PODS_ROOT}/Manifest.lock\" > /dev/null\nif [ $? != 0 ] ; then\n    # print error to STDERR\n    echo \"error: The sandbox is not in sync with the Podfile.lock. Run 'pod install' or update your CocoaPods installation.\" >&2\n    exit 1\nfi\n# This output is used by Xcode 'outputs' to avoid re-running this script phase.\necho \"SUCCESS\" > \"${SCRIPT_OUTPUT_FILE_0}\"\n";
			showEnvVarsInLog = 0;
		};
		E145CBAFCFAFEC115B7155F3 /* [CP] Embed Pods Frameworks */ = {
			isa = PBXShellScriptBuildPhase;
			buildActionMask = 2147483647;
			files = (
			);
			inputFileListPaths = (
				"${PODS_ROOT}/Target Support Files/Pods-SimyaStagram/Pods-SimyaStagram-frameworks-${CONFIGURATION}-input-files.xcfilelist",
			);
			name = "[CP] Embed Pods Frameworks";
			outputFileListPaths = (
				"${PODS_ROOT}/Target Support Files/Pods-SimyaStagram/Pods-SimyaStagram-frameworks-${CONFIGURATION}-output-files.xcfilelist",
			);
			runOnlyForDeploymentPostprocessing = 0;
			shellPath = /bin/sh;
			shellScript = "\"${PODS_ROOT}/Target Support Files/Pods-SimyaStagram/Pods-SimyaStagram-frameworks.sh\"\n";
			showEnvVarsInLog = 0;
		};
/* End PBXShellScriptBuildPhase section */

/* Begin PBXSourcesBuildPhase section */
		CAC4F87725C9F5C200358B51 /* Sources */ = {
			isa = PBXSourcesBuildPhase;
			buildActionMask = 2147483647;
			files = (
				CAC4F8B325CA085700358B51 /* EditProfileViewController.swift in Sources */,
				CAC4F8AD25CA07F100358B51 /* LoginViewController.swift in Sources */,
				CAC4F89A25C9FED100358B51 /* ExploreViewController.swift in Sources */,
				CAC4F89D25C9FEED00358B51 /* CameraViewController.swift in Sources */,
				CAC4F8A025C9FEFC00358B51 /* NotificationViewController.swift in Sources */,
				CAC4F8C225CA0B2B00358B51 /* PostEditorViewController.swift in Sources */,
				CAC4F8B025CA083200358B51 /* PostViewController.swift in Sources */,
				CA277C6C25CB05EC002C6F11 /* StorageManager.swift in Sources */,
				CAC4F8AA25CA07E700358B51 /* RegisterViewController.swift in Sources */,
				CA277C6625CB040B002C6F11 /* DatabaseManager.swift in Sources */,
				CAC4F88325C9F5C200358B51 /* HomeViewController.swift in Sources */,
				CAC4F8BF25CA0AE100358B51 /* SeachResultViewController.swift in Sources */,
				CAC4F8BC25CA0AD600358B51 /* SearchViewController.swift in Sources */,
				CAB08B2A25CBCE6300263AF2 /* Extensions.swift in Sources */,
				CAC4F8A325C9FF0700358B51 /* ProfileViewController.swift in Sources */,
				CAC4F87F25C9F5C200358B51 /* AppDelegate.swift in Sources */,
				CA277C6925CB0577002C6F11 /* AuthManager.swift in Sources */,
				CAC4F88125C9F5C200358B51 /* SceneDelegate.swift in Sources */,
				CAC4F8B925CA0AAE00358B51 /* ListViewController.swift in Sources */,
				CAC4F8C525CA0B7400358B51 /* PostPublishViewController.swift in Sources */,
				CAC4F8B625CA0A1700358B51 /* SettingsViewController.swift in Sources */,
			);
			runOnlyForDeploymentPostprocessing = 0;
		};
/* End PBXSourcesBuildPhase section */

/* Begin PBXVariantGroup section */
		CAC4F88425C9F5C200358B51 /* Main.storyboard */ = {
			isa = PBXVariantGroup;
			children = (
				CAC4F88525C9F5C200358B51 /* Base */,
			);
			name = Main.storyboard;
			sourceTree = "<group>";
		};
		CAC4F88925C9F5C300358B51 /* LaunchScreen.storyboard */ = {
			isa = PBXVariantGroup;
			children = (
				CAC4F88A25C9F5C300358B51 /* Base */,
			);
			name = LaunchScreen.storyboard;
			sourceTree = "<group>";
		};
/* End PBXVariantGroup section */

/* Begin XCBuildConfiguration section */
		CAC4F88D25C9F5C300358B51 /* Debug */ = {
			isa = XCBuildConfiguration;
			buildSettings = {
				ALWAYS_SEARCH_USER_PATHS = NO;
				CLANG_ANALYZER_NONNULL = YES;
				CLANG_ANALYZER_NUMBER_OBJECT_CONVERSION = YES_AGGRESSIVE;
				CLANG_CXX_LANGUAGE_STANDARD = "gnu++14";
				CLANG_CXX_LIBRARY = "libc++";
				CLANG_ENABLE_MODULES = YES;
				CLANG_ENABLE_OBJC_ARC = YES;
				CLANG_ENABLE_OBJC_WEAK = YES;
				CLANG_WARN_BLOCK_CAPTURE_AUTORELEASING = YES;
				CLANG_WARN_BOOL_CONVERSION = YES;
				CLANG_WARN_COMMA = YES;
				CLANG_WARN_CONSTANT_CONVERSION = YES;
				CLANG_WARN_DEPRECATED_OBJC_IMPLEMENTATIONS = YES;
				CLANG_WARN_DIRECT_OBJC_ISA_USAGE = YES_ERROR;
				CLANG_WARN_DOCUMENTATION_COMMENTS = YES;
				CLANG_WARN_EMPTY_BODY = YES;
				CLANG_WARN_ENUM_CONVERSION = YES;
				CLANG_WARN_INFINITE_RECURSION = YES;
				CLANG_WARN_INT_CONVERSION = YES;
				CLANG_WARN_NON_LITERAL_NULL_CONVERSION = YES;
				CLANG_WARN_OBJC_IMPLICIT_RETAIN_SELF = YES;
				CLANG_WARN_OBJC_LITERAL_CONVERSION = YES;
				CLANG_WARN_OBJC_ROOT_CLASS = YES_ERROR;
				CLANG_WARN_QUOTED_INCLUDE_IN_FRAMEWORK_HEADER = YES;
				CLANG_WARN_RANGE_LOOP_ANALYSIS = YES;
				CLANG_WARN_STRICT_PROTOTYPES = YES;
				CLANG_WARN_SUSPICIOUS_MOVE = YES;
				CLANG_WARN_UNGUARDED_AVAILABILITY = YES_AGGRESSIVE;
				CLANG_WARN_UNREACHABLE_CODE = YES;
				CLANG_WARN__DUPLICATE_METHOD_MATCH = YES;
				COPY_PHASE_STRIP = NO;
				DEBUG_INFORMATION_FORMAT = dwarf;
				ENABLE_STRICT_OBJC_MSGSEND = YES;
				ENABLE_TESTABILITY = YES;
				GCC_C_LANGUAGE_STANDARD = gnu11;
				GCC_DYNAMIC_NO_PIC = NO;
				GCC_NO_COMMON_BLOCKS = YES;
				GCC_OPTIMIZATION_LEVEL = 0;
				GCC_PREPROCESSOR_DEFINITIONS = (
					"DEBUG=1",
					"$(inherited)",
				);
				GCC_WARN_64_TO_32_BIT_CONVERSION = YES;
				GCC_WARN_ABOUT_RETURN_TYPE = YES_ERROR;
				GCC_WARN_UNDECLARED_SELECTOR = YES;
				GCC_WARN_UNINITIALIZED_AUTOS = YES_AGGRESSIVE;
				GCC_WARN_UNUSED_FUNCTION = YES;
				GCC_WARN_UNUSED_VARIABLE = YES;
				IPHONEOS_DEPLOYMENT_TARGET = 14.4;
				MTL_ENABLE_DEBUG_INFO = INCLUDE_SOURCE;
				MTL_FAST_MATH = YES;
				ONLY_ACTIVE_ARCH = YES;
				SDKROOT = iphoneos;
				SWIFT_ACTIVE_COMPILATION_CONDITIONS = DEBUG;
				SWIFT_OPTIMIZATION_LEVEL = "-Onone";
			};
			name = Debug;
		};
		CAC4F88E25C9F5C300358B51 /* Release */ = {
			isa = XCBuildConfiguration;
			buildSettings = {
				ALWAYS_SEARCH_USER_PATHS = NO;
				CLANG_ANALYZER_NONNULL = YES;
				CLANG_ANALYZER_NUMBER_OBJECT_CONVERSION = YES_AGGRESSIVE;
				CLANG_CXX_LANGUAGE_STANDARD = "gnu++14";
				CLANG_CXX_LIBRARY = "libc++";
				CLANG_ENABLE_MODULES = YES;
				CLANG_ENABLE_OBJC_ARC = YES;
				CLANG_ENABLE_OBJC_WEAK = YES;
				CLANG_WARN_BLOCK_CAPTURE_AUTORELEASING = YES;
				CLANG_WARN_BOOL_CONVERSION = YES;
				CLANG_WARN_COMMA = YES;
				CLANG_WARN_CONSTANT_CONVERSION = YES;
				CLANG_WARN_DEPRECATED_OBJC_IMPLEMENTATIONS = YES;
				CLANG_WARN_DIRECT_OBJC_ISA_USAGE = YES_ERROR;
				CLANG_WARN_DOCUMENTATION_COMMENTS = YES;
				CLANG_WARN_EMPTY_BODY = YES;
				CLANG_WARN_ENUM_CONVERSION = YES;
				CLANG_WARN_INFINITE_RECURSION = YES;
				CLANG_WARN_INT_CONVERSION = YES;
				CLANG_WARN_NON_LITERAL_NULL_CONVERSION = YES;
				CLANG_WARN_OBJC_IMPLICIT_RETAIN_SELF = YES;
				CLANG_WARN_OBJC_LITERAL_CONVERSION = YES;
				CLANG_WARN_OBJC_ROOT_CLASS = YES_ERROR;
				CLANG_WARN_QUOTED_INCLUDE_IN_FRAMEWORK_HEADER = YES;
				CLANG_WARN_RANGE_LOOP_ANALYSIS = YES;
				CLANG_WARN_STRICT_PROTOTYPES = YES;
				CLANG_WARN_SUSPICIOUS_MOVE = YES;
				CLANG_WARN_UNGUARDED_AVAILABILITY = YES_AGGRESSIVE;
				CLANG_WARN_UNREACHABLE_CODE = YES;
				CLANG_WARN__DUPLICATE_METHOD_MATCH = YES;
				COPY_PHASE_STRIP = NO;
				DEBUG_INFORMATION_FORMAT = "dwarf-with-dsym";
				ENABLE_NS_ASSERTIONS = NO;
				ENABLE_STRICT_OBJC_MSGSEND = YES;
				GCC_C_LANGUAGE_STANDARD = gnu11;
				GCC_NO_COMMON_BLOCKS = YES;
				GCC_WARN_64_TO_32_BIT_CONVERSION = YES;
				GCC_WARN_ABOUT_RETURN_TYPE = YES_ERROR;
				GCC_WARN_UNDECLARED_SELECTOR = YES;
				GCC_WARN_UNINITIALIZED_AUTOS = YES_AGGRESSIVE;
				GCC_WARN_UNUSED_FUNCTION = YES;
				GCC_WARN_UNUSED_VARIABLE = YES;
				IPHONEOS_DEPLOYMENT_TARGET = 14.4;
				MTL_ENABLE_DEBUG_INFO = NO;
				MTL_FAST_MATH = YES;
				SDKROOT = iphoneos;
				SWIFT_COMPILATION_MODE = wholemodule;
				SWIFT_OPTIMIZATION_LEVEL = "-O";
				VALIDATE_PRODUCT = YES;
			};
			name = Release;
		};
		CAC4F89025C9F5C300358B51 /* Debug */ = {
			isa = XCBuildConfiguration;
			baseConfigurationReference = 94BA068A6BFB5213896DA40B /* Pods-SimyaStagram.debug.xcconfig */;
			buildSettings = {
				ASSETCATALOG_COMPILER_APPICON_NAME = AppIcon;
				ASSETCATALOG_COMPILER_GLOBAL_ACCENT_COLOR_NAME = AccentColor;
				CODE_SIGN_STYLE = Automatic;
				DEVELOPMENT_TEAM = AAG6CZ7HRY;
				INFOPLIST_FILE = SimyaStagram/Info.plist;
				LD_RUNPATH_SEARCH_PATHS = (
					"$(inherited)",
					"@executable_path/Frameworks",
				);
				PRODUCT_BUNDLE_IDENTIFIER = com.nizo.SimyaStagram;
				PRODUCT_NAME = "$(TARGET_NAME)";
				SWIFT_VERSION = 5.0;
				TARGETED_DEVICE_FAMILY = 1;
			};
			name = Debug;
		};
		CAC4F89125C9F5C300358B51 /* Release */ = {
			isa = XCBuildConfiguration;
			baseConfigurationReference = 99844BF7BF5EE7861DC7C084 /* Pods-SimyaStagram.release.xcconfig */;
			buildSettings = {
				ASSETCATALOG_COMPILER_APPICON_NAME = AppIcon;
				ASSETCATALOG_COMPILER_GLOBAL_ACCENT_COLOR_NAME = AccentColor;
				CODE_SIGN_STYLE = Automatic;
				DEVELOPMENT_TEAM = AAG6CZ7HRY;
				INFOPLIST_FILE = SimyaStagram/Info.plist;
				LD_RUNPATH_SEARCH_PATHS = (
					"$(inherited)",
					"@executable_path/Frameworks",
				);
				PRODUCT_BUNDLE_IDENTIFIER = com.nizo.SimyaStagram;
				PRODUCT_NAME = "$(TARGET_NAME)";
				SWIFT_VERSION = 5.0;
				TARGETED_DEVICE_FAMILY = 1;
			};
			name = Release;
		};
/* End XCBuildConfiguration section */

/* Begin XCConfigurationList section */
		CAC4F87625C9F5C200358B51 /* Build configuration list for PBXProject "SimyaStagram" */ = {
			isa = XCConfigurationList;
			buildConfigurations = (
				CAC4F88D25C9F5C300358B51 /* Debug */,
				CAC4F88E25C9F5C300358B51 /* Release */,
			);
			defaultConfigurationIsVisible = 0;
			defaultConfigurationName = Release;
		};
		CAC4F88F25C9F5C300358B51 /* Build configuration list for PBXNativeTarget "SimyaStagram" */ = {
			isa = XCConfigurationList;
			buildConfigurations = (
				CAC4F89025C9F5C300358B51 /* Debug */,
				CAC4F89125C9F5C300358B51 /* Release */,
			);
			defaultConfigurationIsVisible = 0;
			defaultConfigurationName = Release;
		};
/* End XCConfigurationList section */
	};
	rootObject = CAC4F87325C9F5C200358B51 /* Project object */;
}
